
Microsoft Visual Studio Solution File, Format Version 12.00
# Visual Studio 15
VisualStudioVersion = 15.0.28010.2048
MinimumVisualStudioVersion = 10.0.40219.1
Project("{FAE04EC0-301F-11D3-BF4B-00C04F79EFBC}") = "Lab2", "Lab2\Lab2.csproj", "{3286B44D-7FF6-4C03-828F-5E2CD48E3C72}"
EndProject
Global
	GlobalSection(SolutionConfigurationPlatforms) = preSolution
		Debug|Any CPU = Debug|Any CPU
		Release|Any CPU = Release|Any CPU
	EndGlobalSection
	GlobalSection(ProjectConfigurationPlatforms) = postSolution
		{3286B44D-7FF6-4C03-828F-5E2CD48E3C72}.Debug|Any CPU.ActiveCfg = Debug|Any CPU
		{3286B44D-7FF6-4C03-828F-5E2CD48E3C72}.Debug|Any CPU.Build.0 = Debug|Any CPU
		{3286B44D-7FF6-4C03-828F-5E2CD48E3C72}.Release|Any CPU.ActiveCfg = Release|Any CPU
		{3286B44D-7FF6-4C03-828F-5E2CD48E3C72}.Release|Any CPU.Build.0 = Release|Any CPU
	EndGlobalSection
	GlobalSection(SolutionProperties) = preSolution
		HideSolutionNode = FALSE
	EndGlobalSection
	GlobalSection(ExtensibilityGlobals) = postSolution
		SolutionGuid = {DD606AD3-5C12-4987-B145-81A5AB2C9F41}
	EndGlobalSection
EndGlobal
